
Microsoft Visual Studio Solution File, Format Version 12.00
# Visual Studio Version 17
VisualStudioVersion = 17.10.35122.118
MinimumVisualStudioVersion = 10.0.40219.1
Project("{9A19103F-16F7-4668-BE54-9A1E7A4F7556}") = "MLNetNer", "MLNetNer\MLNetNer.csproj", "{972FA4FD-2AB5-42AB-9B5C-B452ACE6A9A1}"
EndProject
Project("{2150E333-8FDC-42A3-9474-1A3956D46DE8}") = "root", "root", "{3B5C08A3-A34D-417A-97FC-77F900BDC19C}"
	ProjectSection(SolutionItems) = preProject
		.editorconfig = .editorconfig
		.gitattributes = .gitattributes
		.gitignore = .gitignore
		LICENSE = LICENSE
		README.md = README.md
	EndProjectSection
EndProject
Global
	GlobalSection(SolutionConfigurationPlatforms) = preSolution
		Debug|Any CPU = Debug|Any CPU
		Debug|x64 = Debug|x64
		Release|Any CPU = Release|Any CPU
		Release|x64 = Release|x64
	EndGlobalSection
	GlobalSection(ProjectConfigurationPlatforms) = postSolution
		{972FA4FD-2AB5-42AB-9B5C-B452ACE6A9A1}.Debug|Any CPU.ActiveCfg = Debug|Any CPU
		{972FA4FD-2AB5-42AB-9B5C-B452ACE6A9A1}.Debug|Any CPU.Build.0 = Debug|Any CPU
		{972FA4FD-2AB5-42AB-9B5C-B452ACE6A9A1}.Debug|x64.ActiveCfg = Debug|x64
		{972FA4FD-2AB5-42AB-9B5C-B452ACE6A9A1}.Debug|x64.Build.0 = Debug|x64
		{972FA4FD-2AB5-42AB-9B5C-B452ACE6A9A1}.Release|Any CPU.ActiveCfg = Release|Any CPU
		{972FA4FD-2AB5-42AB-9B5C-B452ACE6A9A1}.Release|Any CPU.Build.0 = Release|Any CPU
		{972FA4FD-2AB5-42AB-9B5C-B452ACE6A9A1}.Release|x64.ActiveCfg = Release|x64
		{972FA4FD-2AB5-42AB-9B5C-B452ACE6A9A1}.Release|x64.Build.0 = Release|x64
	EndGlobalSection
	GlobalSection(SolutionProperties) = preSolution
		HideSolutionNode = FALSE
	EndGlobalSection
	GlobalSection(ExtensibilityGlobals) = postSolution
		SolutionGuid = {FC6B2DAB-8881-4314-B03B-4E9E24AE767C}
	EndGlobalSection
EndGlobal
